
Microsoft Visual Studio Solution File, Format Version 12.00
# Visual Studio Version 17
VisualStudioVersion = 17.8.34330.188
MinimumVisualStudioVersion = 10.0.40219.1
Project("{FAE04EC0-301F-11D3-BF4B-00C04F79EFBC}") = "QuizWebApiProject", "QuizWebApiProject.csproj", "{B7F55ECB-B050-4927-9F4C-D835A5FF9577}"
EndProject
Global
	GlobalSection(SolutionConfigurationPlatforms) = preSolution
		Debug|Any CPU = Debug|Any CPU
		Release|Any CPU = Release|Any CPU
	EndGlobalSection
	GlobalSection(ProjectConfigurationPlatforms) = postSolution
		{B7F55ECB-B050-4927-9F4C-D835A5FF9577}.Debug|Any CPU.ActiveCfg = Debug|Any CPU
		{B7F55ECB-B050-4927-9F4C-D835A5FF9577}.Debug|Any CPU.Build.0 = Debug|Any CPU
		{B7F55ECB-B050-4927-9F4C-D835A5FF9577}.Release|Any CPU.ActiveCfg = Release|Any CPU
		{B7F55ECB-B050-4927-9F4C-D835A5FF9577}.Release|Any CPU.Build.0 = Release|Any CPU
	EndGlobalSection
	GlobalSection(SolutionProperties) = preSolution
		HideSolutionNode = FALSE
	EndGlobalSection
	GlobalSection(ExtensibilityGlobals) = postSolution
		SolutionGuid = {532008B4-4B55-4FB9-8E8F-2C907B015BF0}
	EndGlobalSection
EndGlobal
